
Microsoft Visual Studio Solution File, Format Version 12.00
# Visual Studio 15
VisualStudioVersion = 15.0.28010.2046
MinimumVisualStudioVersion = 10.0.40219.1
Project("{FAE04EC0-301F-11D3-BF4B-00C04F79EFBC}") = "1.ClassBox", "1.ClassBox\1.ClassBox.csproj", "{12DCAFDF-21F2-44AB-862B-C13FD8BD0E77}"
EndProject
Project("{FAE04EC0-301F-11D3-BF4B-00C04F79EFBC}") = "2.ClassBoxDataValidation", "2.ClassBoxDataValidation\2.ClassBoxDataValidation.csproj", "{42B22B83-8B0F-4FFC-B2A6-F69C3DFC21F2}"
EndProject
Project("{FAE04EC0-301F-11D3-BF4B-00C04F79EFBC}") = "3.AnimalFarm", "3.AnimalFarm\3.AnimalFarm.csproj", "{F0F93D23-342C-46C9-B7EF-3D93A411C38A}"
EndProject
Global
	GlobalSection(SolutionConfigurationPlatforms) = preSolution
		Debug|Any CPU = Debug|Any CPU
		Release|Any CPU = Release|Any CPU
	EndGlobalSection
	GlobalSection(ProjectConfigurationPlatforms) = postSolution
		{12DCAFDF-21F2-44AB-862B-C13FD8BD0E77}.Debug|Any CPU.ActiveCfg = Debug|Any CPU
		{12DCAFDF-21F2-44AB-862B-C13FD8BD0E77}.Debug|Any CPU.Build.0 = Debug|Any CPU
		{12DCAFDF-21F2-44AB-862B-C13FD8BD0E77}.Release|Any CPU.ActiveCfg = Release|Any CPU
		{12DCAFDF-21F2-44AB-862B-C13FD8BD0E77}.Release|Any CPU.Build.0 = Release|Any CPU
		{42B22B83-8B0F-4FFC-B2A6-F69C3DFC21F2}.Debug|Any CPU.ActiveCfg = Debug|Any CPU
		{42B22B83-8B0F-4FFC-B2A6-F69C3DFC21F2}.Debug|Any CPU.Build.0 = Debug|Any CPU
		{42B22B83-8B0F-4FFC-B2A6-F69C3DFC21F2}.Release|Any CPU.ActiveCfg = Release|Any CPU
		{42B22B83-8B0F-4FFC-B2A6-F69C3DFC21F2}.Release|Any CPU.Build.0 = Release|Any CPU
		{F0F93D23-342C-46C9-B7EF-3D93A411C38A}.Debug|Any CPU.ActiveCfg = Debug|Any CPU
		{F0F93D23-342C-46C9-B7EF-3D93A411C38A}.Debug|Any CPU.Build.0 = Debug|Any CPU
		{F0F93D23-342C-46C9-B7EF-3D93A411C38A}.Release|Any CPU.ActiveCfg = Release|Any CPU
		{F0F93D23-342C-46C9-B7EF-3D93A411C38A}.Release|Any CPU.Build.0 = Release|Any CPU
	EndGlobalSection
	GlobalSection(SolutionProperties) = preSolution
		HideSolutionNode = FALSE
	EndGlobalSection
	GlobalSection(ExtensibilityGlobals) = postSolution
		SolutionGuid = {D7BF8A08-EC71-440C-A203-DBA925605C60}
	EndGlobalSection
EndGlobal
