
Microsoft Visual Studio Solution File, Format Version 12.00
# Visual Studio 15
VisualStudioVersion = 15.0.28010.2046
MinimumVisualStudioVersion = 10.0.40219.1
Project("{9A19103F-16F7-4668-BE54-9A1E7A4F7556}") = "01.Person", "01.Person\01.Person.csproj", "{A215E0FB-FDA8-4A9C-9E00-668AFA00D12C}"
EndProject
Project("{9A19103F-16F7-4668-BE54-9A1E7A4F7556}") = "2.BookShop", "2.BookShop\2.BookShop.csproj", "{AB5545C0-15EC-494E-A054-2CD99844DDC0}"
EndProject
Project("{9A19103F-16F7-4668-BE54-9A1E7A4F7556}") = "4.OnlineRadioDatabase", "4.OnlineRadioDatabase\4.OnlineRadioDatabase.csproj", "{2C6AC50C-9D63-4548-A3E4-5514F038C973}"
EndProject
Project("{FAE04EC0-301F-11D3-BF4B-00C04F79EFBC}") = "3.Mankind", "3.Mankind\3.Mankind.csproj", "{03922C89-4F32-4426-B12C-AC39ACB42C17}"
EndProject
Project("{FAE04EC0-301F-11D3-BF4B-00C04F79EFBC}") = "6.Animals", "6.Animals\6.Animals.csproj", "{0A5B5C3B-A017-4455-88F6-2725187C4629}"
EndProject
Global
	GlobalSection(SolutionConfigurationPlatforms) = preSolution
		Debug|Any CPU = Debug|Any CPU
		Release|Any CPU = Release|Any CPU
	EndGlobalSection
	GlobalSection(ProjectConfigurationPlatforms) = postSolution
		{A215E0FB-FDA8-4A9C-9E00-668AFA00D12C}.Debug|Any CPU.ActiveCfg = Debug|Any CPU
		{A215E0FB-FDA8-4A9C-9E00-668AFA00D12C}.Debug|Any CPU.Build.0 = Debug|Any CPU
		{A215E0FB-FDA8-4A9C-9E00-668AFA00D12C}.Release|Any CPU.ActiveCfg = Release|Any CPU
		{A215E0FB-FDA8-4A9C-9E00-668AFA00D12C}.Release|Any CPU.Build.0 = Release|Any CPU
		{AB5545C0-15EC-494E-A054-2CD99844DDC0}.Debug|Any CPU.ActiveCfg = Debug|Any CPU
		{AB5545C0-15EC-494E-A054-2CD99844DDC0}.Debug|Any CPU.Build.0 = Debug|Any CPU
		{AB5545C0-15EC-494E-A054-2CD99844DDC0}.Release|Any CPU.ActiveCfg = Release|Any CPU
		{AB5545C0-15EC-494E-A054-2CD99844DDC0}.Release|Any CPU.Build.0 = Release|Any CPU
		{2C6AC50C-9D63-4548-A3E4-5514F038C973}.Debug|Any CPU.ActiveCfg = Debug|Any CPU
		{2C6AC50C-9D63-4548-A3E4-5514F038C973}.Debug|Any CPU.Build.0 = Debug|Any CPU
		{2C6AC50C-9D63-4548-A3E4-5514F038C973}.Release|Any CPU.ActiveCfg = Release|Any CPU
		{2C6AC50C-9D63-4548-A3E4-5514F038C973}.Release|Any CPU.Build.0 = Release|Any CPU
		{03922C89-4F32-4426-B12C-AC39ACB42C17}.Debug|Any CPU.ActiveCfg = Debug|Any CPU
		{03922C89-4F32-4426-B12C-AC39ACB42C17}.Debug|Any CPU.Build.0 = Debug|Any CPU
		{03922C89-4F32-4426-B12C-AC39ACB42C17}.Release|Any CPU.ActiveCfg = Release|Any CPU
		{03922C89-4F32-4426-B12C-AC39ACB42C17}.Release|Any CPU.Build.0 = Release|Any CPU
		{0A5B5C3B-A017-4455-88F6-2725187C4629}.Debug|Any CPU.ActiveCfg = Debug|Any CPU
		{0A5B5C3B-A017-4455-88F6-2725187C4629}.Debug|Any CPU.Build.0 = Debug|Any CPU
		{0A5B5C3B-A017-4455-88F6-2725187C4629}.Release|Any CPU.ActiveCfg = Release|Any CPU
		{0A5B5C3B-A017-4455-88F6-2725187C4629}.Release|Any CPU.Build.0 = Release|Any CPU
	EndGlobalSection
	GlobalSection(SolutionProperties) = preSolution
		HideSolutionNode = FALSE
	EndGlobalSection
	GlobalSection(ExtensibilityGlobals) = postSolution
		SolutionGuid = {0843006C-9965-4DDF-BD03-3FEFA75E5C5C}
	EndGlobalSection
EndGlobal
