
Microsoft Visual Studio Solution File, Format Version 12.00
# Visual Studio 15
VisualStudioVersion = 15.0.28010.2046
MinimumVisualStudioVersion = 10.0.40219.1
Project("{9A19103F-16F7-4668-BE54-9A1E7A4F7556}") = "1.DefineAClassPerson", "1.DefineAClassPerson\1.DefineAClassPerson.csproj", "{AD89A10B-5F91-48E4-A692-DCFD80BA9BD8}"
EndProject
Project("{9A19103F-16F7-4668-BE54-9A1E7A4F7556}") = "2.CreatingConstructors", "2.CreatingConstructors\2.CreatingConstructors.csproj", "{9B17964C-C361-4CE9-BE78-37E17C5EF329}"
EndProject
Project("{9A19103F-16F7-4668-BE54-9A1E7A4F7556}") = "3.OldestFamilyMember", "3.OldestFamilyMember\3.OldestFamilyMember.csproj", "{06A0D9F2-A36D-429B-8995-21474F49DCE1}"
EndProject
Project("{9A19103F-16F7-4668-BE54-9A1E7A4F7556}") = "14.CatLady", "14.CatLady\14.CatLady.csproj", "{9F02A23F-AFD7-4583-885E-96BCFE25ACE0}"
EndProject
Project("{9A19103F-16F7-4668-BE54-9A1E7A4F7556}") = "11.PokemonTrainer", "11.PokemonTrainer\11.PokemonTrainer.csproj", "{AA2D096B-9359-49DF-AED7-7488B052D3B2}"
EndProject
Project("{9A19103F-16F7-4668-BE54-9A1E7A4F7556}") = "6.CompanyRoster", "6.CompanyRoster\6.CompanyRoster.csproj", "{57A1B885-546E-434C-82DE-0DBB09F242F2}"
EndProject
Project("{9A19103F-16F7-4668-BE54-9A1E7A4F7556}") = "4.OpinionPoll", "4.OpinionPoll\4.OpinionPoll.csproj", "{8ACC0D2B-7DD3-4C36-BFF2-2479F7B568FE}"
EndProject
Project("{9A19103F-16F7-4668-BE54-9A1E7A4F7556}") = "5.DateModifier", "5.DateModifier\5.DateModifier.csproj", "{93D48BD4-F729-45BB-B810-1D2C7C01E01C}"
EndProject
Project("{9A19103F-16F7-4668-BE54-9A1E7A4F7556}") = "13.FamilyTree", "13.FamilyTree\13.FamilyTree.csproj", "{F9B92292-2E79-458B-BB94-F0543B895AA7}"
EndProject
Project("{9A19103F-16F7-4668-BE54-9A1E7A4F7556}") = "8.RawData", "8.RawData\8.RawData.csproj", "{7AF7B76A-F678-42E6-904A-D2AF7550384E}"
EndProject
Project("{9A19103F-16F7-4668-BE54-9A1E7A4F7556}") = "9.RectangleIntersection", "9.RectangleIntersection\9.RectangleIntersection.csproj", "{1C15D24F-7E4C-41B7-AC2D-8B7585A33A92}"
EndProject
Project("{FAE04EC0-301F-11D3-BF4B-00C04F79EFBC}") = "7.SpeedRacing", "7.SpeedRacing\7.SpeedRacing.csproj", "{6BB936C0-B53A-40BC-A46D-90FDAC5453BD}"
EndProject
Project("{FAE04EC0-301F-11D3-BF4B-00C04F79EFBC}") = "12.Google", "12.Google\12.Google.csproj", "{33A7B71C-624E-4C50-A6D2-A486D2F22116}"
EndProject
Global
	GlobalSection(SolutionConfigurationPlatforms) = preSolution
		Debug|Any CPU = Debug|Any CPU
		Release|Any CPU = Release|Any CPU
	EndGlobalSection
	GlobalSection(ProjectConfigurationPlatforms) = postSolution
		{AD89A10B-5F91-48E4-A692-DCFD80BA9BD8}.Debug|Any CPU.ActiveCfg = Debug|Any CPU
		{AD89A10B-5F91-48E4-A692-DCFD80BA9BD8}.Debug|Any CPU.Build.0 = Debug|Any CPU
		{AD89A10B-5F91-48E4-A692-DCFD80BA9BD8}.Release|Any CPU.ActiveCfg = Release|Any CPU
		{AD89A10B-5F91-48E4-A692-DCFD80BA9BD8}.Release|Any CPU.Build.0 = Release|Any CPU
		{9B17964C-C361-4CE9-BE78-37E17C5EF329}.Debug|Any CPU.ActiveCfg = Debug|Any CPU
		{9B17964C-C361-4CE9-BE78-37E17C5EF329}.Debug|Any CPU.Build.0 = Debug|Any CPU
		{9B17964C-C361-4CE9-BE78-37E17C5EF329}.Release|Any CPU.ActiveCfg = Release|Any CPU
		{9B17964C-C361-4CE9-BE78-37E17C5EF329}.Release|Any CPU.Build.0 = Release|Any CPU
		{06A0D9F2-A36D-429B-8995-21474F49DCE1}.Debug|Any CPU.ActiveCfg = Debug|Any CPU
		{06A0D9F2-A36D-429B-8995-21474F49DCE1}.Debug|Any CPU.Build.0 = Debug|Any CPU
		{06A0D9F2-A36D-429B-8995-21474F49DCE1}.Release|Any CPU.ActiveCfg = Release|Any CPU
		{06A0D9F2-A36D-429B-8995-21474F49DCE1}.Release|Any CPU.Build.0 = Release|Any CPU
		{9F02A23F-AFD7-4583-885E-96BCFE25ACE0}.Debug|Any CPU.ActiveCfg = Debug|Any CPU
		{9F02A23F-AFD7-4583-885E-96BCFE25ACE0}.Debug|Any CPU.Build.0 = Debug|Any CPU
		{9F02A23F-AFD7-4583-885E-96BCFE25ACE0}.Release|Any CPU.ActiveCfg = Release|Any CPU
		{9F02A23F-AFD7-4583-885E-96BCFE25ACE0}.Release|Any CPU.Build.0 = Release|Any CPU
		{AA2D096B-9359-49DF-AED7-7488B052D3B2}.Debug|Any CPU.ActiveCfg = Debug|Any CPU
		{AA2D096B-9359-49DF-AED7-7488B052D3B2}.Debug|Any CPU.Build.0 = Debug|Any CPU
		{AA2D096B-9359-49DF-AED7-7488B052D3B2}.Release|Any CPU.ActiveCfg = Release|Any CPU
		{AA2D096B-9359-49DF-AED7-7488B052D3B2}.Release|Any CPU.Build.0 = Release|Any CPU
		{57A1B885-546E-434C-82DE-0DBB09F242F2}.Debug|Any CPU.ActiveCfg = Debug|Any CPU
		{57A1B885-546E-434C-82DE-0DBB09F242F2}.Debug|Any CPU.Build.0 = Debug|Any CPU
		{57A1B885-546E-434C-82DE-0DBB09F242F2}.Release|Any CPU.ActiveCfg = Release|Any CPU
		{57A1B885-546E-434C-82DE-0DBB09F242F2}.Release|Any CPU.Build.0 = Release|Any CPU
		{8ACC0D2B-7DD3-4C36-BFF2-2479F7B568FE}.Debug|Any CPU.ActiveCfg = Debug|Any CPU
		{8ACC0D2B-7DD3-4C36-BFF2-2479F7B568FE}.Debug|Any CPU.Build.0 = Debug|Any CPU
		{8ACC0D2B-7DD3-4C36-BFF2-2479F7B568FE}.Release|Any CPU.ActiveCfg = Release|Any CPU
		{8ACC0D2B-7DD3-4C36-BFF2-2479F7B568FE}.Release|Any CPU.Build.0 = Release|Any CPU
		{93D48BD4-F729-45BB-B810-1D2C7C01E01C}.Debug|Any CPU.ActiveCfg = Debug|Any CPU
		{93D48BD4-F729-45BB-B810-1D2C7C01E01C}.Debug|Any CPU.Build.0 = Debug|Any CPU
		{93D48BD4-F729-45BB-B810-1D2C7C01E01C}.Release|Any CPU.ActiveCfg = Release|Any CPU
		{93D48BD4-F729-45BB-B810-1D2C7C01E01C}.Release|Any CPU.Build.0 = Release|Any CPU
		{F9B92292-2E79-458B-BB94-F0543B895AA7}.Debug|Any CPU.ActiveCfg = Debug|Any CPU
		{F9B92292-2E79-458B-BB94-F0543B895AA7}.Debug|Any CPU.Build.0 = Debug|Any CPU
		{F9B92292-2E79-458B-BB94-F0543B895AA7}.Release|Any CPU.ActiveCfg = Release|Any CPU
		{F9B92292-2E79-458B-BB94-F0543B895AA7}.Release|Any CPU.Build.0 = Release|Any CPU
		{7AF7B76A-F678-42E6-904A-D2AF7550384E}.Debug|Any CPU.ActiveCfg = Debug|Any CPU
		{7AF7B76A-F678-42E6-904A-D2AF7550384E}.Debug|Any CPU.Build.0 = Debug|Any CPU
		{7AF7B76A-F678-42E6-904A-D2AF7550384E}.Release|Any CPU.ActiveCfg = Release|Any CPU
		{7AF7B76A-F678-42E6-904A-D2AF7550384E}.Release|Any CPU.Build.0 = Release|Any CPU
		{1C15D24F-7E4C-41B7-AC2D-8B7585A33A92}.Debug|Any CPU.ActiveCfg = Debug|Any CPU
		{1C15D24F-7E4C-41B7-AC2D-8B7585A33A92}.Debug|Any CPU.Build.0 = Debug|Any CPU
		{1C15D24F-7E4C-41B7-AC2D-8B7585A33A92}.Release|Any CPU.ActiveCfg = Release|Any CPU
		{1C15D24F-7E4C-41B7-AC2D-8B7585A33A92}.Release|Any CPU.Build.0 = Release|Any CPU
		{6BB936C0-B53A-40BC-A46D-90FDAC5453BD}.Debug|Any CPU.ActiveCfg = Debug|Any CPU
		{6BB936C0-B53A-40BC-A46D-90FDAC5453BD}.Debug|Any CPU.Build.0 = Debug|Any CPU
		{6BB936C0-B53A-40BC-A46D-90FDAC5453BD}.Release|Any CPU.ActiveCfg = Release|Any CPU
		{6BB936C0-B53A-40BC-A46D-90FDAC5453BD}.Release|Any CPU.Build.0 = Release|Any CPU
		{33A7B71C-624E-4C50-A6D2-A486D2F22116}.Debug|Any CPU.ActiveCfg = Debug|Any CPU
		{33A7B71C-624E-4C50-A6D2-A486D2F22116}.Debug|Any CPU.Build.0 = Debug|Any CPU
		{33A7B71C-624E-4C50-A6D2-A486D2F22116}.Release|Any CPU.ActiveCfg = Release|Any CPU
		{33A7B71C-624E-4C50-A6D2-A486D2F22116}.Release|Any CPU.Build.0 = Release|Any CPU
	EndGlobalSection
	GlobalSection(SolutionProperties) = preSolution
		HideSolutionNode = FALSE
	EndGlobalSection
	GlobalSection(ExtensibilityGlobals) = postSolution
		SolutionGuid = {0F81C9C9-07D9-4AB6-A63F-E926C5E33179}
	EndGlobalSection
EndGlobal
